
Microsoft Visual Studio Solution File, Format Version 12.00
# Visual Studio Version 16
VisualStudioVersion = 16.0.30907.101
MinimumVisualStudioVersion = 10.0.40219.1
Project("{9A19103F-16F7-4668-BE54-9A1E7A4F7556}") = "WebApi", "WebLibrary\WebApi.csproj", "{DEDC4C4A-75A1-427A-85FC-D76020EDF7C4}"
	ProjectSection(ProjectDependencies) = postProject
		{B6BD67F7-93E5-4B5F-AE4E-98C9090257B4} = {B6BD67F7-93E5-4B5F-AE4E-98C9090257B4}
	EndProjectSection
EndProject
Project("{9A19103F-16F7-4668-BE54-9A1E7A4F7556}") = "Data", "Data\Data.csproj", "{B6BD67F7-93E5-4B5F-AE4E-98C9090257B4}"
EndProject
Project("{9A19103F-16F7-4668-BE54-9A1E7A4F7556}") = "Library.Logic", "Library.Logic\Library.Logic.csproj", "{7A230DA0-9FEA-4FD0-BE86-6E1F9F0D06CA}"
EndProject
Global
	GlobalSection(SolutionConfigurationPlatforms) = preSolution
		Debug|Any CPU = Debug|Any CPU
		Release|Any CPU = Release|Any CPU
	EndGlobalSection
	GlobalSection(ProjectConfigurationPlatforms) = postSolution
		{DEDC4C4A-75A1-427A-85FC-D76020EDF7C4}.Debug|Any CPU.ActiveCfg = Debug|Any CPU
		{DEDC4C4A-75A1-427A-85FC-D76020EDF7C4}.Debug|Any CPU.Build.0 = Debug|Any CPU
		{DEDC4C4A-75A1-427A-85FC-D76020EDF7C4}.Release|Any CPU.ActiveCfg = Release|Any CPU
		{DEDC4C4A-75A1-427A-85FC-D76020EDF7C4}.Release|Any CPU.Build.0 = Release|Any CPU
		{B6BD67F7-93E5-4B5F-AE4E-98C9090257B4}.Debug|Any CPU.ActiveCfg = Debug|Any CPU
		{B6BD67F7-93E5-4B5F-AE4E-98C9090257B4}.Debug|Any CPU.Build.0 = Debug|Any CPU
		{B6BD67F7-93E5-4B5F-AE4E-98C9090257B4}.Release|Any CPU.ActiveCfg = Release|Any CPU
		{B6BD67F7-93E5-4B5F-AE4E-98C9090257B4}.Release|Any CPU.Build.0 = Release|Any CPU
		{7A230DA0-9FEA-4FD0-BE86-6E1F9F0D06CA}.Debug|Any CPU.ActiveCfg = Debug|Any CPU
		{7A230DA0-9FEA-4FD0-BE86-6E1F9F0D06CA}.Debug|Any CPU.Build.0 = Debug|Any CPU
		{7A230DA0-9FEA-4FD0-BE86-6E1F9F0D06CA}.Release|Any CPU.ActiveCfg = Release|Any CPU
		{7A230DA0-9FEA-4FD0-BE86-6E1F9F0D06CA}.Release|Any CPU.Build.0 = Release|Any CPU
	EndGlobalSection
	GlobalSection(SolutionProperties) = preSolution
		HideSolutionNode = FALSE
	EndGlobalSection
	GlobalSection(ExtensibilityGlobals) = postSolution
		SolutionGuid = {39047B0B-2241-499C-BFBE-A457AD8C9F8A}
	EndGlobalSection
EndGlobal
